
Microsoft Visual Studio Solution File, Format Version 12.00
# Visual Studio Version 17
VisualStudioVersion = 17.9.34728.123
MinimumVisualStudioVersion = 10.0.40219.1
Project("{9A19103F-16F7-4668-BE54-9A1E7A4F7556}") = "SpotWelder.Lib", "SimpleClassCreator.Lib\SpotWelder.Lib.csproj", "{FD9A07F7-FBAF-4B2D-8F1B-E2499985F111}"
EndProject
Project("{9A19103F-16F7-4668-BE54-9A1E7A4F7556}") = "SpotWelder.Ui", "SimpleClassCreator.Ui\SpotWelder.Ui.csproj", "{2CE2565A-CF44-4BEF-B410-17C7AF179060}"
EndProject
Project("{9A19103F-16F7-4668-BE54-9A1E7A4F7556}") = "SpotWelder.Tests", "SimpleClassCreator.Tests\SpotWelder.Tests.csproj", "{D0AF76F5-A53F-4D7E-8438-F3FBD63DB115}"
EndProject
Project("{2150E333-8FDC-42A3-9474-1A3956D46DE8}") = "Solution Items", "Solution Items", "{D955E4A7-2DCF-47CA-9795-58DE803993FF}"
	ProjectSection(SolutionItems) = preProject
		.gitignore = .gitignore
		LICENSE = LICENSE
		README.md = README.md
	EndProjectSection
EndProject
Project("{00D1A9C2-B5F0-4AF3-8072-F6C62B433612}") = "SpotWelder.DatabaseForTests", "SpotWelder.DatabaseForTests\SpotWelder.DatabaseForTests.sqlproj", "{42F0B80F-7206-4B51-BD19-FA392D051DA6}"
EndProject
Global
	GlobalSection(SolutionConfigurationPlatforms) = preSolution
		Debug|Any CPU = Debug|Any CPU
		Release|Any CPU = Release|Any CPU
	EndGlobalSection
	GlobalSection(ProjectConfigurationPlatforms) = postSolution
		{FD9A07F7-FBAF-4B2D-8F1B-E2499985F111}.Debug|Any CPU.ActiveCfg = Debug|Any CPU
		{FD9A07F7-FBAF-4B2D-8F1B-E2499985F111}.Debug|Any CPU.Build.0 = Debug|Any CPU
		{FD9A07F7-FBAF-4B2D-8F1B-E2499985F111}.Release|Any CPU.ActiveCfg = Release|Any CPU
		{FD9A07F7-FBAF-4B2D-8F1B-E2499985F111}.Release|Any CPU.Build.0 = Release|Any CPU
		{2CE2565A-CF44-4BEF-B410-17C7AF179060}.Debug|Any CPU.ActiveCfg = Debug|Any CPU
		{2CE2565A-CF44-4BEF-B410-17C7AF179060}.Debug|Any CPU.Build.0 = Debug|Any CPU
		{2CE2565A-CF44-4BEF-B410-17C7AF179060}.Release|Any CPU.ActiveCfg = Release|Any CPU
		{2CE2565A-CF44-4BEF-B410-17C7AF179060}.Release|Any CPU.Build.0 = Release|Any CPU
		{D0AF76F5-A53F-4D7E-8438-F3FBD63DB115}.Debug|Any CPU.ActiveCfg = Debug|Any CPU
		{D0AF76F5-A53F-4D7E-8438-F3FBD63DB115}.Debug|Any CPU.Build.0 = Debug|Any CPU
		{D0AF76F5-A53F-4D7E-8438-F3FBD63DB115}.Release|Any CPU.ActiveCfg = Release|Any CPU
		{D0AF76F5-A53F-4D7E-8438-F3FBD63DB115}.Release|Any CPU.Build.0 = Release|Any CPU
		{42F0B80F-7206-4B51-BD19-FA392D051DA6}.Debug|Any CPU.ActiveCfg = Debug|Any CPU
		{42F0B80F-7206-4B51-BD19-FA392D051DA6}.Debug|Any CPU.Build.0 = Debug|Any CPU
		{42F0B80F-7206-4B51-BD19-FA392D051DA6}.Debug|Any CPU.Deploy.0 = Debug|Any CPU
		{42F0B80F-7206-4B51-BD19-FA392D051DA6}.Release|Any CPU.ActiveCfg = Release|Any CPU
		{42F0B80F-7206-4B51-BD19-FA392D051DA6}.Release|Any CPU.Build.0 = Release|Any CPU
		{42F0B80F-7206-4B51-BD19-FA392D051DA6}.Release|Any CPU.Deploy.0 = Release|Any CPU
	EndGlobalSection
	GlobalSection(SolutionProperties) = preSolution
		HideSolutionNode = FALSE
	EndGlobalSection
	GlobalSection(ExtensibilityGlobals) = postSolution
		SolutionGuid = {6FCCB39A-43B1-4F5F-9739-53BC3FC763C5}
	EndGlobalSection
EndGlobal
